// !$*UTF8*$!
{
	archiveVersion = 1;
	classes = {
	};
	objectVersion = 51;
	objects = {

/* Begin PBXBuildFile section */
		076B9099CA45A3450399AE1D /* Pods_THISAPPTEAM_THISAPPTEAMUITests.framework in Frameworks */ = {isa = PBXBuildFile; fileRef = D5D56008B1B5CC62230FD428 /* Pods_THISAPPTEAM_THISAPPTEAMUITests.framework */; };
		2E9F0B1C257EF1220034098C /* AppDelegate.swift in Sources */ = {isa = PBXBuildFile; fileRef = 2E9F0B1B257EF1220034098C /* AppDelegate.swift */; };
		2E9F0B1E257EF1220034098C /* SceneDelegate.swift in Sources */ = {isa = PBXBuildFile; fileRef = 2E9F0B1D257EF1220034098C /* SceneDelegate.swift */; };
		2E9F0B25257EF1250034098C /* Assets.xcassets in Resources */ = {isa = PBXBuildFile; fileRef = 2E9F0B24257EF1250034098C /* Assets.xcassets */; };
		2E9F0B60257EF4170034098C /* MapViewController.swift in Sources */ = {isa = PBXBuildFile; fileRef = 2E9F0B5F257EF4170034098C /* MapViewController.swift */; };
		2E9F0B65257EF41D0034098C /* DatabaseManagement.swift in Sources */ = {isa = PBXBuildFile; fileRef = 2E9F0B64257EF41D0034098C /* DatabaseManagement.swift */; };
		2E9F0B6A257EF4400034098C /* muralStruct.swift in Sources */ = {isa = PBXBuildFile; fileRef = 2E9F0B69257EF4400034098C /* muralStruct.swift */; };
		2E9F0B892581CC5D0034098C /* Launch Screen.storyboard in Resources */ = {isa = PBXBuildFile; fileRef = 2E9F0B882581CC5D0034098C /* Launch Screen.storyboard */; };
		2E9F0BFC2585B8E60034098C /* SignUpViewController.swift in Sources */ = {isa = PBXBuildFile; fileRef = 2E9F0BFB2585B8E60034098C /* SignUpViewController.swift */; };
		2E9F0C012585BA7C0034098C /* Constants.swift in Sources */ = {isa = PBXBuildFile; fileRef = 2E9F0C002585BA7B0034098C /* Constants.swift */; };
		2E9F0C062585BA9B0034098C /* HomeViewController.swift in Sources */ = {isa = PBXBuildFile; fileRef = 2E9F0C052585BA9B0034098C /* HomeViewController.swift */; };
		2E9F0C0B2585BAB40034098C /* LoginViewController.swift in Sources */ = {isa = PBXBuildFile; fileRef = 2E9F0C0A2585BAB40034098C /* LoginViewController.swift */; };
		2E9F0C6A258823EC0034098C /* Screen Shot 2020-12-14 at 3.51.13 PM.png in Resources */ = {isa = PBXBuildFile; fileRef = 2E9F0C69258823EC0034098C /* Screen Shot 2020-12-14 at 3.51.13 PM.png */; };
		2E9F0CAF25886E560034098C /* smile-2072907_1920.jpg in Resources */ = {isa = PBXBuildFile; fileRef = 2E9F0CAE25886E560034098C /* smile-2072907_1920.jpg */; };
		2E9F0CC3258872490034098C /* Screen Shot 2020-12-14 at 9.25.20 PM.png in Resources */ = {isa = PBXBuildFile; fileRef = 2E9F0CC2258872480034098C /* Screen Shot 2020-12-14 at 9.25.20 PM.png */; };
		60AE1A292581D6F30008E759 /* TestGitPush.swift in Sources */ = {isa = PBXBuildFile; fileRef = 60AE1A282581D6F30008E759 /* TestGitPush.swift */; };
		60AE1A392581D8B70008E759 /* MuralPinViewController.swift in Sources */ = {isa = PBXBuildFile; fileRef = 60AE1A382581D8B70008E759 /* MuralPinViewController.swift */; };
		60AE1A492581DC3B0008E759 /* ViewController.swift in Sources */ = {isa = PBXBuildFile; fileRef = 60AE1A482581DC3B0008E759 /* ViewController.swift */; };
		60AE1A4E2581DCA60008E759 /* Artwork.swift in Sources */ = {isa = PBXBuildFile; fileRef = 60AE1A4D2581DCA60008E759 /* Artwork.swift */; };
		60AE1A562581DCF30008E759 /* Main.storyboard in Resources */ = {isa = PBXBuildFile; fileRef = 60AE1A552581DCF30008E759 /* Main.storyboard */; };
		60AE1A612581DFAC0008E759 /* Mural2.swift in Sources */ = {isa = PBXBuildFile; fileRef = 60AE1A602581DFAC0008E759 /* Mural2.swift */; };
		A84E70FD2581FD2D00F6CB8C /* GoogleService-Info.plist in Resources */ = {isa = PBXBuildFile; fileRef = A84E70FC2581FD2D00F6CB8C /* GoogleService-Info.plist */; };
		A84E71062581FDB600F6CB8C /* FirebaseDB.swift in Sources */ = {isa = PBXBuildFile; fileRef = A84E71052581FDB600F6CB8C /* FirebaseDB.swift */; };
		A84E710B2581FDDA00F6CB8C /* DemoImageRetrievalViewController.swift in Sources */ = {isa = PBXBuildFile; fileRef = A84E710A2581FDDA00F6CB8C /* DemoImageRetrievalViewController.swift */; };
		A84E71102581FDF900F6CB8C /* GlobalVariables.swift in Sources */ = {isa = PBXBuildFile; fileRef = A84E710F2581FDF900F6CB8C /* GlobalVariables.swift */; };
		A84E71152581FE0B00F6CB8C /* muralModel.swift in Sources */ = {isa = PBXBuildFile; fileRef = A84E71142581FE0B00F6CB8C /* muralModel.swift */; };
		E5F406B1BA036238DC4BD5D7 /* Pods_THISAPPTEAM.framework in Frameworks */ = {isa = PBXBuildFile; fileRef = 01D4405CCB90C69AADAF4E3C /* Pods_THISAPPTEAM.framework */; };
		EA2ED2A8B4AA869DE7145069 /* Pods_THISAPPTEAMTests.framework in Frameworks */ = {isa = PBXBuildFile; fileRef = 45B0837DB6C1D80DFC7A1431 /* Pods_THISAPPTEAMTests.framework */; };
/* End PBXBuildFile section */

/* Begin PBXContainerItemProxy section */
		2E9F0B2F257EF1260034098C /* PBXContainerItemProxy */ = {
			isa = PBXContainerItemProxy;
			containerPortal = 2E9F0B10257EF1220034098C /* Project object */;
			proxyType = 1;
			remoteGlobalIDString = 2E9F0B17257EF1220034098C;
			remoteInfo = THISAPPTEAM;
		};
		2E9F0B3A257EF1260034098C /* PBXContainerItemProxy */ = {
			isa = PBXContainerItemProxy;
			containerPortal = 2E9F0B10257EF1220034098C /* Project object */;
			proxyType = 1;
			remoteGlobalIDString = 2E9F0B17257EF1220034098C;
			remoteInfo = THISAPPTEAM;
		};
/* End PBXContainerItemProxy section */

/* Begin PBXFileReference section */
		01D4405CCB90C69AADAF4E3C /* Pods_THISAPPTEAM.framework */ = {isa = PBXFileReference; explicitFileType = wrapper.framework; includeInIndex = 0; path = Pods_THISAPPTEAM.framework; sourceTree = BUILT_PRODUCTS_DIR; };
		2E9F0B18257EF1220034098C /* THISAPPTEAM.app */ = {isa = PBXFileReference; explicitFileType = wrapper.application; includeInIndex = 0; path = THISAPPTEAM.app; sourceTree = BUILT_PRODUCTS_DIR; };
		2E9F0B1B257EF1220034098C /* AppDelegate.swift */ = {isa = PBXFileReference; lastKnownFileType = sourcecode.swift; path = AppDelegate.swift; sourceTree = "<group>"; };
		2E9F0B1D257EF1220034098C /* SceneDelegate.swift */ = {isa = PBXFileReference; lastKnownFileType = sourcecode.swift; path = SceneDelegate.swift; sourceTree = "<group>"; };
		2E9F0B24257EF1250034098C /* Assets.xcassets */ = {isa = PBXFileReference; lastKnownFileType = folder.assetcatalog; path = Assets.xcassets; sourceTree = "<group>"; };
		2E9F0B29257EF1250034098C /* Info.plist */ = {isa = PBXFileReference; lastKnownFileType = text.plist.xml; path = Info.plist; sourceTree = "<group>"; };
		2E9F0B2E257EF1260034098C /* THISAPPTEAMTests.xctest */ = {isa = PBXFileReference; explicitFileType = wrapper.cfbundle; includeInIndex = 0; path = THISAPPTEAMTests.xctest; sourceTree = BUILT_PRODUCTS_DIR; };
		2E9F0B39257EF1260034098C /* THISAPPTEAMUITests.xctest */ = {isa = PBXFileReference; explicitFileType = wrapper.cfbundle; includeInIndex = 0; path = THISAPPTEAMUITests.xctest; sourceTree = BUILT_PRODUCTS_DIR; };
		2E9F0B5F257EF4170034098C /* MapViewController.swift */ = {isa = PBXFileReference; fileEncoding = 4; lastKnownFileType = sourcecode.swift; path = MapViewController.swift; sourceTree = "<group>"; };
		2E9F0B64257EF41D0034098C /* DatabaseManagement.swift */ = {isa = PBXFileReference; fileEncoding = 4; lastKnownFileType = sourcecode.swift; path = DatabaseManagement.swift; sourceTree = "<group>"; };
		2E9F0B69257EF4400034098C /* muralStruct.swift */ = {isa = PBXFileReference; fileEncoding = 4; lastKnownFileType = sourcecode.swift; path = muralStruct.swift; sourceTree = "<group>"; };
		2E9F0B882581CC5D0034098C /* Launch Screen.storyboard */ = {isa = PBXFileReference; lastKnownFileType = file.storyboard; path = "Launch Screen.storyboard"; sourceTree = "<group>"; };
		2E9F0BFB2585B8E60034098C /* SignUpViewController.swift */ = {isa = PBXFileReference; lastKnownFileType = sourcecode.swift; path = SignUpViewController.swift; sourceTree = "<group>"; };
		2E9F0C002585BA7B0034098C /* Constants.swift */ = {isa = PBXFileReference; fileEncoding = 4; lastKnownFileType = sourcecode.swift; path = Constants.swift; sourceTree = "<group>"; };
		2E9F0C052585BA9B0034098C /* HomeViewController.swift */ = {isa = PBXFileReference; lastKnownFileType = sourcecode.swift; path = HomeViewController.swift; sourceTree = "<group>"; };
		2E9F0C0A2585BAB40034098C /* LoginViewController.swift */ = {isa = PBXFileReference; lastKnownFileType = sourcecode.swift; path = LoginViewController.swift; sourceTree = "<group>"; };
		2E9F0C69258823EC0034098C /* Screen Shot 2020-12-14 at 3.51.13 PM.png */ = {isa = PBXFileReference; lastKnownFileType = image.png; path = "Screen Shot 2020-12-14 at 3.51.13 PM.png"; sourceTree = "<group>"; };
		2E9F0CAE25886E560034098C /* smile-2072907_1920.jpg */ = {isa = PBXFileReference; lastKnownFileType = image.jpeg; path = "smile-2072907_1920.jpg"; sourceTree = "<group>"; };
		2E9F0CC2258872480034098C /* Screen Shot 2020-12-14 at 9.25.20 PM.png */ = {isa = PBXFileReference; lastKnownFileType = image.png; path = "Screen Shot 2020-12-14 at 9.25.20 PM.png"; sourceTree = "<group>"; };
		45B0837DB6C1D80DFC7A1431 /* Pods_THISAPPTEAMTests.framework */ = {isa = PBXFileReference; explicitFileType = wrapper.framework; includeInIndex = 0; path = Pods_THISAPPTEAMTests.framework; sourceTree = BUILT_PRODUCTS_DIR; };
		60AE1A282581D6F30008E759 /* TestGitPush.swift */ = {isa = PBXFileReference; lastKnownFileType = sourcecode.swift; path = TestGitPush.swift; sourceTree = "<group>"; };
		60AE1A382581D8B70008E759 /* MuralPinViewController.swift */ = {isa = PBXFileReference; lastKnownFileType = sourcecode.swift; path = MuralPinViewController.swift; sourceTree = "<group>"; };
		60AE1A482581DC3B0008E759 /* ViewController.swift */ = {isa = PBXFileReference; lastKnownFileType = sourcecode.swift; path = ViewController.swift; sourceTree = "<group>"; };
		60AE1A4D2581DCA60008E759 /* Artwork.swift */ = {isa = PBXFileReference; lastKnownFileType = sourcecode.swift; path = Artwork.swift; sourceTree = "<group>"; };
		60AE1A552581DCF30008E759 /* Main.storyboard */ = {isa = PBXFileReference; lastKnownFileType = file.storyboard; path = Main.storyboard; sourceTree = "<group>"; };
		60AE1A602581DFAC0008E759 /* Mural2.swift */ = {isa = PBXFileReference; lastKnownFileType = sourcecode.swift; path = Mural2.swift; sourceTree = "<group>"; };
		7A82BC7E65701D96C7FD6A83 /* Pods-THISAPPTEAM-THISAPPTEAMUITests.release.xcconfig */ = {isa = PBXFileReference; includeInIndex = 1; lastKnownFileType = text.xcconfig; name = "Pods-THISAPPTEAM-THISAPPTEAMUITests.release.xcconfig"; path = "Target Support Files/Pods-THISAPPTEAM-THISAPPTEAMUITests/Pods-THISAPPTEAM-THISAPPTEAMUITests.release.xcconfig"; sourceTree = "<group>"; };
		8515EF3D1AD9E1703ED4F8A9 /* Pods-THISAPPTEAM.debug.xcconfig */ = {isa = PBXFileReference; includeInIndex = 1; lastKnownFileType = text.xcconfig; name = "Pods-THISAPPTEAM.debug.xcconfig"; path = "Target Support Files/Pods-THISAPPTEAM/Pods-THISAPPTEAM.debug.xcconfig"; sourceTree = "<group>"; };
		97115B331D1EB2665D55BF32 /* Pods-THISAPPTEAM.release.xcconfig */ = {isa = PBXFileReference; includeInIndex = 1; lastKnownFileType = text.xcconfig; name = "Pods-THISAPPTEAM.release.xcconfig"; path = "Target Support Files/Pods-THISAPPTEAM/Pods-THISAPPTEAM.release.xcconfig"; sourceTree = "<group>"; };
		A84E70FC2581FD2D00F6CB8C /* GoogleService-Info.plist */ = {isa = PBXFileReference; fileEncoding = 4; lastKnownFileType = text.plist.xml; path = "GoogleService-Info.plist"; sourceTree = "<group>"; };
		A84E71052581FDB600F6CB8C /* FirebaseDB.swift */ = {isa = PBXFileReference; lastKnownFileType = sourcecode.swift; path = FirebaseDB.swift; sourceTree = "<group>"; };
		A84E710A2581FDDA00F6CB8C /* DemoImageRetrievalViewController.swift */ = {isa = PBXFileReference; lastKnownFileType = sourcecode.swift; path = DemoImageRetrievalViewController.swift; sourceTree = "<group>"; };
		A84E710F2581FDF900F6CB8C /* GlobalVariables.swift */ = {isa = PBXFileReference; lastKnownFileType = sourcecode.swift; path = GlobalVariables.swift; sourceTree = "<group>"; };
		A84E71142581FE0B00F6CB8C /* muralModel.swift */ = {isa = PBXFileReference; lastKnownFileType = sourcecode.swift; path = muralModel.swift; sourceTree = "<group>"; };
		A9B5946D58603C8D44F1C66A /* Pods-THISAPPTEAM-THISAPPTEAMUITests.debug.xcconfig */ = {isa = PBXFileReference; includeInIndex = 1; lastKnownFileType = text.xcconfig; name = "Pods-THISAPPTEAM-THISAPPTEAMUITests.debug.xcconfig"; path = "Target Support Files/Pods-THISAPPTEAM-THISAPPTEAMUITests/Pods-THISAPPTEAM-THISAPPTEAMUITests.debug.xcconfig"; sourceTree = "<group>"; };
		C308231234B0B31DB652B647 /* Pods-THISAPPTEAMTests.debug.xcconfig */ = {isa = PBXFileReference; includeInIndex = 1; lastKnownFileType = text.xcconfig; name = "Pods-THISAPPTEAMTests.debug.xcconfig"; path = "Target Support Files/Pods-THISAPPTEAMTests/Pods-THISAPPTEAMTests.debug.xcconfig"; sourceTree = "<group>"; };
		D07985E7925A22CF51AAF94F /* Pods-THISAPPTEAMTests.release.xcconfig */ = {isa = PBXFileReference; includeInIndex = 1; lastKnownFileType = text.xcconfig; name = "Pods-THISAPPTEAMTests.release.xcconfig"; path = "Target Support Files/Pods-THISAPPTEAMTests/Pods-THISAPPTEAMTests.release.xcconfig"; sourceTree = "<group>"; };
		D5D56008B1B5CC62230FD428 /* Pods_THISAPPTEAM_THISAPPTEAMUITests.framework */ = {isa = PBXFileReference; explicitFileType = wrapper.framework; includeInIndex = 0; path = Pods_THISAPPTEAM_THISAPPTEAMUITests.framework; sourceTree = BUILT_PRODUCTS_DIR; };
/* End PBXFileReference section */

/* Begin PBXFrameworksBuildPhase section */
		2E9F0B15257EF1220034098C /* Frameworks */ = {
			isa = PBXFrameworksBuildPhase;
			buildActionMask = 2147483647;
			files = (
				E5F406B1BA036238DC4BD5D7 /* Pods_THISAPPTEAM.framework in Frameworks */,
			);
			runOnlyForDeploymentPostprocessing = 0;
		};
		2E9F0B2B257EF1260034098C /* Frameworks */ = {
			isa = PBXFrameworksBuildPhase;
			buildActionMask = 2147483647;
			files = (
				EA2ED2A8B4AA869DE7145069 /* Pods_THISAPPTEAMTests.framework in Frameworks */,
			);
			runOnlyForDeploymentPostprocessing = 0;
		};
		2E9F0B36257EF1260034098C /* Frameworks */ = {
			isa = PBXFrameworksBuildPhase;
			buildActionMask = 2147483647;
			files = (
				076B9099CA45A3450399AE1D /* Pods_THISAPPTEAM_THISAPPTEAMUITests.framework in Frameworks */,
			);
			runOnlyForDeploymentPostprocessing = 0;
		};
/* End PBXFrameworksBuildPhase section */

/* Begin PBXGroup section */
		2E9F0B0F257EF1220034098C = {
			isa = PBXGroup;
			children = (
				2E9F0B882581CC5D0034098C /* Launch Screen.storyboard */,
				2E9F0B1A257EF1220034098C /* THISAPPTEAM */,
				2E9F0B19257EF1220034098C /* Products */,
				7ED8A39A744C6ACF16161F2B /* Pods */,
				DAE5ED673B3E53AD771E4B67 /* Frameworks */,
			);
			sourceTree = "<group>";
		};
		2E9F0B19257EF1220034098C /* Products */ = {
			isa = PBXGroup;
			children = (
				2E9F0B18257EF1220034098C /* THISAPPTEAM.app */,
				2E9F0B2E257EF1260034098C /* THISAPPTEAMTests.xctest */,
				2E9F0B39257EF1260034098C /* THISAPPTEAMUITests.xctest */,
			);
			name = Products;
			sourceTree = "<group>";
		};
		2E9F0B1A257EF1220034098C /* THISAPPTEAM */ = {
			isa = PBXGroup;
			children = (
				A84E71042581FD8400F6CB8C /* ViewControllers */,
				A84E71052581FDB600F6CB8C /* FirebaseDB.swift */,
				2E9F0B1B257EF1220034098C /* AppDelegate.swift */,
				2E9F0B1D257EF1220034098C /* SceneDelegate.swift */,
				2E9F0C002585BA7B0034098C /* Constants.swift */,
				2E9F0B24257EF1250034098C /* Assets.xcassets */,
				60AE1A552581DCF30008E759 /* Main.storyboard */,
				60AE1A4D2581DCA60008E759 /* Artwork.swift */,
				60AE1A602581DFAC0008E759 /* Mural2.swift */,
				2E9F0B64257EF41D0034098C /* DatabaseManagement.swift */,
				2E9F0B69257EF4400034098C /* muralStruct.swift */,
				A84E70FC2581FD2D00F6CB8C /* GoogleService-Info.plist */,
				2E9F0B29257EF1250034098C /* Info.plist */,
				60AE1A282581D6F30008E759 /* TestGitPush.swift */,
				A84E710F2581FDF900F6CB8C /* GlobalVariables.swift */,
				A84E71142581FE0B00F6CB8C /* muralModel.swift */,
				2E9F0BFB2585B8E60034098C /* SignUpViewController.swift */,
				2E9F0C052585BA9B0034098C /* HomeViewController.swift */,
				2E9F0C0A2585BAB40034098C /* LoginViewController.swift */,
				2E9F0C69258823EC0034098C /* Screen Shot 2020-12-14 at 3.51.13 PM.png */,
				2E9F0CC2258872480034098C /* Screen Shot 2020-12-14 at 9.25.20 PM.png */,
				2E9F0CAE25886E560034098C /* smile-2072907_1920.jpg */,
			);
			path = THISAPPTEAM;
			sourceTree = "<group>";
		};
		7ED8A39A744C6ACF16161F2B /* Pods */ = {
			isa = PBXGroup;
			children = (
				8515EF3D1AD9E1703ED4F8A9 /* Pods-THISAPPTEAM.debug.xcconfig */,
				97115B331D1EB2665D55BF32 /* Pods-THISAPPTEAM.release.xcconfig */,
				A9B5946D58603C8D44F1C66A /* Pods-THISAPPTEAM-THISAPPTEAMUITests.debug.xcconfig */,
				7A82BC7E65701D96C7FD6A83 /* Pods-THISAPPTEAM-THISAPPTEAMUITests.release.xcconfig */,
				C308231234B0B31DB652B647 /* Pods-THISAPPTEAMTests.debug.xcconfig */,
				D07985E7925A22CF51AAF94F /* Pods-THISAPPTEAMTests.release.xcconfig */,
			);
			path = Pods;
			sourceTree = "<group>";
		};
		A84E71042581FD8400F6CB8C /* ViewControllers */ = {
			isa = PBXGroup;
			children = (
				A84E710A2581FDDA00F6CB8C /* DemoImageRetrievalViewController.swift */,
				2E9F0B5F257EF4170034098C /* MapViewController.swift */,
				60AE1A482581DC3B0008E759 /* ViewController.swift */,
				60AE1A382581D8B70008E759 /* MuralPinViewController.swift */,
			);
			path = ViewControllers;
			sourceTree = "<group>";
		};
		DAE5ED673B3E53AD771E4B67 /* Frameworks */ = {
			isa = PBXGroup;
			children = (
				01D4405CCB90C69AADAF4E3C /* Pods_THISAPPTEAM.framework */,
				D5D56008B1B5CC62230FD428 /* Pods_THISAPPTEAM_THISAPPTEAMUITests.framework */,
				45B0837DB6C1D80DFC7A1431 /* Pods_THISAPPTEAMTests.framework */,
			);
			name = Frameworks;
			sourceTree = "<group>";
		};
/* End PBXGroup section */

/* Begin PBXNativeTarget section */
		2E9F0B17257EF1220034098C /* THISAPPTEAM */ = {
			isa = PBXNativeTarget;
			buildConfigurationList = 2E9F0B42257EF1260034098C /* Build configuration list for PBXNativeTarget "THISAPPTEAM" */;
			buildPhases = (
				4AF85C940848D0544FABC6A7 /* [CP] Check Pods Manifest.lock */,
				2E9F0B14257EF1220034098C /* Sources */,
				2E9F0B15257EF1220034098C /* Frameworks */,
				2E9F0B16257EF1220034098C /* Resources */,
				EE77C95E5EBD44FE6F3E7D44 /* [CP] Embed Pods Frameworks */,
				B48E76A0129B00C339FFF521 /* [CP] Copy Pods Resources */,
			);
			buildRules = (
			);
			dependencies = (
			);
			name = THISAPPTEAM;
			productName = THISAPPTEAM;
			productReference = 2E9F0B18257EF1220034098C /* THISAPPTEAM.app */;
			productType = "com.apple.product-type.application";
		};
		2E9F0B2D257EF1260034098C /* THISAPPTEAMTests */ = {
			isa = PBXNativeTarget;
			buildConfigurationList = 2E9F0B45257EF1260034098C /* Build configuration list for PBXNativeTarget "THISAPPTEAMTests" */;
			buildPhases = (
				B0B56EEF64CADA7242C5D9C6 /* [CP] Check Pods Manifest.lock */,
				2E9F0B2A257EF1260034098C /* Sources */,
				2E9F0B2B257EF1260034098C /* Frameworks */,
				2E9F0B2C257EF1260034098C /* Resources */,
			);
			buildRules = (
			);
			dependencies = (
				2E9F0B30257EF1260034098C /* PBXTargetDependency */,
			);
			name = THISAPPTEAMTests;
			productName = THISAPPTEAMTests;
			productReference = 2E9F0B2E257EF1260034098C /* THISAPPTEAMTests.xctest */;
			productType = "com.apple.product-type.bundle.unit-test";
		};
		2E9F0B38257EF1260034098C /* THISAPPTEAMUITests */ = {
			isa = PBXNativeTarget;
			buildConfigurationList = 2E9F0B48257EF1260034098C /* Build configuration list for PBXNativeTarget "THISAPPTEAMUITests" */;
			buildPhases = (
				D862931CF173213FA70603C5 /* [CP] Check Pods Manifest.lock */,
				2E9F0B35257EF1260034098C /* Sources */,
				2E9F0B36257EF1260034098C /* Frameworks */,
				2E9F0B37257EF1260034098C /* Resources */,
				D9DBD5B8EA6672F152A491A9 /* [CP] Embed Pods Frameworks */,
				932B877D9206BBB262827400 /* [CP] Copy Pods Resources */,
			);
			buildRules = (
			);
			dependencies = (
				2E9F0B3B257EF1260034098C /* PBXTargetDependency */,
			);
			name = THISAPPTEAMUITests;
			productName = THISAPPTEAMUITests;
			productReference = 2E9F0B39257EF1260034098C /* THISAPPTEAMUITests.xctest */;
			productType = "com.apple.product-type.bundle.ui-testing";
		};
/* End PBXNativeTarget section */

/* Begin PBXProject section */
		2E9F0B10257EF1220034098C /* Project object */ = {
			isa = PBXProject;
			attributes = {
				LastSwiftUpdateCheck = 1220;
				LastUpgradeCheck = 1220;
				TargetAttributes = {
					2E9F0B17257EF1220034098C = {
						CreatedOnToolsVersion = 12.2;
					};
					2E9F0B2D257EF1260034098C = {
						CreatedOnToolsVersion = 12.2;
						TestTargetID = 2E9F0B17257EF1220034098C;
					};
					2E9F0B38257EF1260034098C = {
						CreatedOnToolsVersion = 12.2;
						TestTargetID = 2E9F0B17257EF1220034098C;
					};
				};
			};
			buildConfigurationList = 2E9F0B13257EF1220034098C /* Build configuration list for PBXProject "THISAPPTEAM" */;
			compatibilityVersion = "Xcode 9.3";
			developmentRegion = en;
			hasScannedForEncodings = 0;
			knownRegions = (
				en,
				Base,
			);
			mainGroup = 2E9F0B0F257EF1220034098C;
			productRefGroup = 2E9F0B19257EF1220034098C /* Products */;
			projectDirPath = "";
			projectRoot = "";
			targets = (
				2E9F0B17257EF1220034098C /* THISAPPTEAM */,
				2E9F0B2D257EF1260034098C /* THISAPPTEAMTests */,
				2E9F0B38257EF1260034098C /* THISAPPTEAMUITests */,
			);
		};
/* End PBXProject section */

/* Begin PBXResourcesBuildPhase section */
		2E9F0B16257EF1220034098C /* Resources */ = {
			isa = PBXResourcesBuildPhase;
			buildActionMask = 2147483647;
			files = (
				2E9F0CC3258872490034098C /* Screen Shot 2020-12-14 at 9.25.20 PM.png in Resources */,
				2E9F0B25257EF1250034098C /* Assets.xcassets in Resources */,
				A84E70FD2581FD2D00F6CB8C /* GoogleService-Info.plist in Resources */,
				2E9F0CAF25886E560034098C /* smile-2072907_1920.jpg in Resources */,
				2E9F0B892581CC5D0034098C /* Launch Screen.storyboard in Resources */,
				2E9F0C6A258823EC0034098C /* Screen Shot 2020-12-14 at 3.51.13 PM.png in Resources */,
				60AE1A562581DCF30008E759 /* Main.storyboard in Resources */,
			);
			runOnlyForDeploymentPostprocessing = 0;
		};
		2E9F0B2C257EF1260034098C /* Resources */ = {
			isa = PBXResourcesBuildPhase;
			buildActionMask = 2147483647;
			files = (
			);
			runOnlyForDeploymentPostprocessing = 0;
		};
		2E9F0B37257EF1260034098C /* Resources */ = {
			isa = PBXResourcesBuildPhase;
			buildActionMask = 2147483647;
			files = (
			);
			runOnlyForDeploymentPostprocessing = 0;
		};
/* End PBXResourcesBuildPhase section */

/* Begin PBXShellScriptBuildPhase section */
		4AF85C940848D0544FABC6A7 /* [CP] Check Pods Manifest.lock */ = {
			isa = PBXShellScriptBuildPhase;
			buildActionMask = 2147483647;
			files = (
			);
			inputFileListPaths = (
			);
			inputPaths = (
				"${PODS_PODFILE_DIR_PATH}/Podfile.lock",
				"${PODS_ROOT}/Manifest.lock",
			);
			name = "[CP] Check Pods Manifest.lock";
			outputFileListPaths = (
			);
			outputPaths = (
				"$(DERIVED_FILE_DIR)/Pods-THISAPPTEAM-checkManifestLockResult.txt",
			);
			runOnlyForDeploymentPostprocessing = 0;
			shellPath = /bin/sh;
			shellScript = "diff \"${PODS_PODFILE_DIR_PATH}/Podfile.lock\" \"${PODS_ROOT}/Manifest.lock\" > /dev/null\nif [ $? != 0 ] ; then\n    # print error to STDERR\n    echo \"error: The sandbox is not in sync with the Podfile.lock. Run 'pod install' or update your CocoaPods installation.\" >&2\n    exit 1\nfi\n# This output is used by Xcode 'outputs' to avoid re-running this script phase.\necho \"SUCCESS\" > \"${SCRIPT_OUTPUT_FILE_0}\"\n";
			showEnvVarsInLog = 0;
		};
		932B877D9206BBB262827400 /* [CP] Copy Pods Resources */ = {
			isa = PBXShellScriptBuildPhase;
			buildActionMask = 2147483647;
			files = (
			);
			inputFileListPaths = (
				"${PODS_ROOT}/Target Support Files/Pods-THISAPPTEAM-THISAPPTEAMUITests/Pods-THISAPPTEAM-THISAPPTEAMUITests-resources-${CONFIGURATION}-input-files.xcfilelist",
			);
			name = "[CP] Copy Pods Resources";
			outputFileListPaths = (
				"${PODS_ROOT}/Target Support Files/Pods-THISAPPTEAM-THISAPPTEAMUITests/Pods-THISAPPTEAM-THISAPPTEAMUITests-resources-${CONFIGURATION}-output-files.xcfilelist",
			);
			runOnlyForDeploymentPostprocessing = 0;
			shellPath = /bin/sh;
			shellScript = "\"${PODS_ROOT}/Target Support Files/Pods-THISAPPTEAM-THISAPPTEAMUITests/Pods-THISAPPTEAM-THISAPPTEAMUITests-resources.sh\"\n";
			showEnvVarsInLog = 0;
		};
		B0B56EEF64CADA7242C5D9C6 /* [CP] Check Pods Manifest.lock */ = {
			isa = PBXShellScriptBuildPhase;
			buildActionMask = 2147483647;
			files = (
			);
			inputFileListPaths = (
			);
			inputPaths = (
				"${PODS_PODFILE_DIR_PATH}/Podfile.lock",
				"${PODS_ROOT}/Manifest.lock",
			);
			name = "[CP] Check Pods Manifest.lock";
			outputFileListPaths = (
			);
			outputPaths = (
				"$(DERIVED_FILE_DIR)/Pods-THISAPPTEAMTests-checkManifestLockResult.txt",
			);
			runOnlyForDeploymentPostprocessing = 0;
			shellPath = /bin/sh;
			shellScript = "diff \"${PODS_PODFILE_DIR_PATH}/Podfile.lock\" \"${PODS_ROOT}/Manifest.lock\" > /dev/null\nif [ $? != 0 ] ; then\n    # print error to STDERR\n    echo \"error: The sandbox is not in sync with the Podfile.lock. Run 'pod install' or update your CocoaPods installation.\" >&2\n    exit 1\nfi\n# This output is used by Xcode 'outputs' to avoid re-running this script phase.\necho \"SUCCESS\" > \"${SCRIPT_OUTPUT_FILE_0}\"\n";
			showEnvVarsInLog = 0;
		};
		B48E76A0129B00C339FFF521 /* [CP] Copy Pods Resources */ = {
			isa = PBXShellScriptBuildPhase;
			buildActionMask = 2147483647;
			files = (
			);
			inputFileListPaths = (
				"${PODS_ROOT}/Target Support Files/Pods-THISAPPTEAM/Pods-THISAPPTEAM-resources-${CONFIGURATION}-input-files.xcfilelist",
			);
			name = "[CP] Copy Pods Resources";
			outputFileListPaths = (
				"${PODS_ROOT}/Target Support Files/Pods-THISAPPTEAM/Pods-THISAPPTEAM-resources-${CONFIGURATION}-output-files.xcfilelist",
			);
			runOnlyForDeploymentPostprocessing = 0;
			shellPath = /bin/sh;
			shellScript = "\"${PODS_ROOT}/Target Support Files/Pods-THISAPPTEAM/Pods-THISAPPTEAM-resources.sh\"\n";
			showEnvVarsInLog = 0;
		};
		D862931CF173213FA70603C5 /* [CP] Check Pods Manifest.lock */ = {
			isa = PBXShellScriptBuildPhase;
			buildActionMask = 2147483647;
			files = (
			);
			inputFileListPaths = (
			);
			inputPaths = (
				"${PODS_PODFILE_DIR_PATH}/Podfile.lock",
				"${PODS_ROOT}/Manifest.lock",
			);
			name = "[CP] Check Pods Manifest.lock";
			outputFileListPaths = (
			);
			outputPaths = (
				"$(DERIVED_FILE_DIR)/Pods-THISAPPTEAM-THISAPPTEAMUITests-checkManifestLockResult.txt",
			);
			runOnlyForDeploymentPostprocessing = 0;
			shellPath = /bin/sh;
			shellScript = "diff \"${PODS_PODFILE_DIR_PATH}/Podfile.lock\" \"${PODS_ROOT}/Manifest.lock\" > /dev/null\nif [ $? != 0 ] ; then\n    # print error to STDERR\n    echo \"error: The sandbox is not in sync with the Podfile.lock. Run 'pod install' or update your CocoaPods installation.\" >&2\n    exit 1\nfi\n# This output is used by Xcode 'outputs' to avoid re-running this script phase.\necho \"SUCCESS\" > \"${SCRIPT_OUTPUT_FILE_0}\"\n";
			showEnvVarsInLog = 0;
		};
		D9DBD5B8EA6672F152A491A9 /* [CP] Embed Pods Frameworks */ = {
			isa = PBXShellScriptBuildPhase;
			buildActionMask = 2147483647;
			files = (
			);
			inputFileListPaths = (
				"${PODS_ROOT}/Target Support Files/Pods-THISAPPTEAM-THISAPPTEAMUITests/Pods-THISAPPTEAM-THISAPPTEAMUITests-frameworks-${CONFIGURATION}-input-files.xcfilelist",
			);
			name = "[CP] Embed Pods Frameworks";
			outputFileListPaths = (
				"${PODS_ROOT}/Target Support Files/Pods-THISAPPTEAM-THISAPPTEAMUITests/Pods-THISAPPTEAM-THISAPPTEAMUITests-frameworks-${CONFIGURATION}-output-files.xcfilelist",
			);
			runOnlyForDeploymentPostprocessing = 0;
			shellPath = /bin/sh;
			shellScript = "\"${PODS_ROOT}/Target Support Files/Pods-THISAPPTEAM-THISAPPTEAMUITests/Pods-THISAPPTEAM-THISAPPTEAMUITests-frameworks.sh\"\n";
			showEnvVarsInLog = 0;
		};
		EE77C95E5EBD44FE6F3E7D44 /* [CP] Embed Pods Frameworks */ = {
			isa = PBXShellScriptBuildPhase;
			buildActionMask = 2147483647;
			files = (
			);
			inputFileListPaths = (
				"${PODS_ROOT}/Target Support Files/Pods-THISAPPTEAM/Pods-THISAPPTEAM-frameworks-${CONFIGURATION}-input-files.xcfilelist",
			);
			name = "[CP] Embed Pods Frameworks";
			outputFileListPaths = (
				"${PODS_ROOT}/Target Support Files/Pods-THISAPPTEAM/Pods-THISAPPTEAM-frameworks-${CONFIGURATION}-output-files.xcfilelist",
			);
			runOnlyForDeploymentPostprocessing = 0;
			shellPath = /bin/sh;
			shellScript = "\"${PODS_ROOT}/Target Support Files/Pods-THISAPPTEAM/Pods-THISAPPTEAM-frameworks.sh\"\n";
			showEnvVarsInLog = 0;
		};
/* End PBXShellScriptBuildPhase section */

/* Begin PBXSourcesBuildPhase section */
		2E9F0B14257EF1220034098C /* Sources */ = {
			isa = PBXSourcesBuildPhase;
			buildActionMask = 2147483647;
			files = (
				60AE1A612581DFAC0008E759 /* Mural2.swift in Sources */,
				2E9F0C012585BA7C0034098C /* Constants.swift in Sources */,
				60AE1A4E2581DCA60008E759 /* Artwork.swift in Sources */,
				60AE1A492581DC3B0008E759 /* ViewController.swift in Sources */,
				2E9F0C0B2585BAB40034098C /* LoginViewController.swift in Sources */,
				2E9F0B1C257EF1220034098C /* AppDelegate.swift in Sources */,
				2E9F0C062585BA9B0034098C /* HomeViewController.swift in Sources */,
				A84E71102581FDF900F6CB8C /* GlobalVariables.swift in Sources */,
				A84E71062581FDB600F6CB8C /* FirebaseDB.swift in Sources */,
				2E9F0B6A257EF4400034098C /* muralStruct.swift in Sources */,
				A84E710B2581FDDA00F6CB8C /* DemoImageRetrievalViewController.swift in Sources */,
				2E9F0B65257EF41D0034098C /* DatabaseManagement.swift in Sources */,
				2E9F0BFC2585B8E60034098C /* SignUpViewController.swift in Sources */,
				60AE1A392581D8B70008E759 /* MuralPinViewController.swift in Sources */,
				2E9F0B1E257EF1220034098C /* SceneDelegate.swift in Sources */,
				60AE1A292581D6F30008E759 /* TestGitPush.swift in Sources */,
				2E9F0B60257EF4170034098C /* MapViewController.swift in Sources */,
				A84E71152581FE0B00F6CB8C /* muralModel.swift in Sources */,
			);
			runOnlyForDeploymentPostprocessing = 0;
		};
		2E9F0B2A257EF1260034098C /* Sources */ = {
			isa = PBXSourcesBuildPhase;
			buildActionMask = 2147483647;
			files = (
			);
			runOnlyForDeploymentPostprocessing = 0;
		};
		2E9F0B35257EF1260034098C /* Sources */ = {
			isa = PBXSourcesBuildPhase;
			buildActionMask = 2147483647;
			files = (
			);
			runOnlyForDeploymentPostprocessing = 0;
		};
/* End PBXSourcesBuildPhase section */

/* Begin PBXTargetDependency section */
		2E9F0B30257EF1260034098C /* PBXTargetDependency */ = {
			isa = PBXTargetDependency;
			target = 2E9F0B17257EF1220034098C /* THISAPPTEAM */;
			targetProxy = 2E9F0B2F257EF1260034098C /* PBXContainerItemProxy */;
		};
		2E9F0B3B257EF1260034098C /* PBXTargetDependency */ = {
			isa = PBXTargetDependency;
			target = 2E9F0B17257EF1220034098C /* THISAPPTEAM */;
			targetProxy = 2E9F0B3A257EF1260034098C /* PBXContainerItemProxy */;
		};
/* End PBXTargetDependency section */

/* Begin XCBuildConfiguration section */
		2E9F0B40257EF1260034098C /* Debug */ = {
			isa = XCBuildConfiguration;
			buildSettings = {
				ALWAYS_SEARCH_USER_PATHS = NO;
				CLANG_ANALYZER_NONNULL = YES;
				CLANG_ANALYZER_NUMBER_OBJECT_CONVERSION = YES_AGGRESSIVE;
				CLANG_CXX_LANGUAGE_STANDARD = "gnu++14";
				CLANG_CXX_LIBRARY = "libc++";
				CLANG_ENABLE_MODULES = YES;
				CLANG_ENABLE_OBJC_ARC = YES;
				CLANG_ENABLE_OBJC_WEAK = YES;
				CLANG_WARN_BLOCK_CAPTURE_AUTORELEASING = YES;
				CLANG_WARN_BOOL_CONVERSION = YES;
				CLANG_WARN_COMMA = YES;
				CLANG_WARN_CONSTANT_CONVERSION = YES;
				CLANG_WARN_DEPRECATED_OBJC_IMPLEMENTATIONS = YES;
				CLANG_WARN_DIRECT_OBJC_ISA_USAGE = YES_ERROR;
				CLANG_WARN_DOCUMENTATION_COMMENTS = YES;
				CLANG_WARN_EMPTY_BODY = YES;
				CLANG_WARN_ENUM_CONVERSION = YES;
				CLANG_WARN_INFINITE_RECURSION = YES;
				CLANG_WARN_INT_CONVERSION = YES;
				CLANG_WARN_NON_LITERAL_NULL_CONVERSION = YES;
				CLANG_WARN_OBJC_IMPLICIT_RETAIN_SELF = YES;
				CLANG_WARN_OBJC_LITERAL_CONVERSION = YES;
				CLANG_WARN_OBJC_ROOT_CLASS = YES_ERROR;
				CLANG_WARN_QUOTED_INCLUDE_IN_FRAMEWORK_HEADER = YES;
				CLANG_WARN_RANGE_LOOP_ANALYSIS = YES;
				CLANG_WARN_STRICT_PROTOTYPES = YES;
				CLANG_WARN_SUSPICIOUS_MOVE = YES;
				CLANG_WARN_UNGUARDED_AVAILABILITY = YES_AGGRESSIVE;
				CLANG_WARN_UNREACHABLE_CODE = YES;
				CLANG_WARN__DUPLICATE_METHOD_MATCH = YES;
				COPY_PHASE_STRIP = NO;
				DEBUG_INFORMATION_FORMAT = dwarf;
				ENABLE_STRICT_OBJC_MSGSEND = YES;
				ENABLE_TESTABILITY = YES;
				GCC_C_LANGUAGE_STANDARD = gnu11;
				GCC_DYNAMIC_NO_PIC = NO;
				GCC_NO_COMMON_BLOCKS = YES;
				GCC_OPTIMIZATION_LEVEL = 0;
				GCC_PREPROCESSOR_DEFINITIONS = (
					"DEBUG=1",
					"$(inherited)",
				);
				GCC_WARN_64_TO_32_BIT_CONVERSION = YES;
				GCC_WARN_ABOUT_RETURN_TYPE = YES_ERROR;
				GCC_WARN_UNDECLARED_SELECTOR = YES;
				GCC_WARN_UNINITIALIZED_AUTOS = YES_AGGRESSIVE;
				GCC_WARN_UNUSED_FUNCTION = YES;
				GCC_WARN_UNUSED_VARIABLE = YES;
				IPHONEOS_DEPLOYMENT_TARGET = 14.2;
				MTL_ENABLE_DEBUG_INFO = INCLUDE_SOURCE;
				MTL_FAST_MATH = YES;
				ONLY_ACTIVE_ARCH = YES;
				SDKROOT = iphoneos;
				SWIFT_ACTIVE_COMPILATION_CONDITIONS = DEBUG;
				SWIFT_OPTIMIZATION_LEVEL = "-Onone";
			};
			name = Debug;
		};
		2E9F0B41257EF1260034098C /* Release */ = {
			isa = XCBuildConfiguration;
			buildSettings = {
				ALWAYS_SEARCH_USER_PATHS = NO;
				CLANG_ANALYZER_NONNULL = YES;
				CLANG_ANALYZER_NUMBER_OBJECT_CONVERSION = YES_AGGRESSIVE;
				CLANG_CXX_LANGUAGE_STANDARD = "gnu++14";
				CLANG_CXX_LIBRARY = "libc++";
				CLANG_ENABLE_MODULES = YES;
				CLANG_ENABLE_OBJC_ARC = YES;
				CLANG_ENABLE_OBJC_WEAK = YES;
				CLANG_WARN_BLOCK_CAPTURE_AUTORELEASING = YES;
				CLANG_WARN_BOOL_CONVERSION = YES;
				CLANG_WARN_COMMA = YES;
				CLANG_WARN_CONSTANT_CONVERSION = YES;
				CLANG_WARN_DEPRECATED_OBJC_IMPLEMENTATIONS = YES;
				CLANG_WARN_DIRECT_OBJC_ISA_USAGE = YES_ERROR;
				CLANG_WARN_DOCUMENTATION_COMMENTS = YES;
				CLANG_WARN_EMPTY_BODY = YES;
				CLANG_WARN_ENUM_CONVERSION = YES;
				CLANG_WARN_INFINITE_RECURSION = YES;
				CLANG_WARN_INT_CONVERSION = YES;
				CLANG_WARN_NON_LITERAL_NULL_CONVERSION = YES;
				CLANG_WARN_OBJC_IMPLICIT_RETAIN_SELF = YES;
				CLANG_WARN_OBJC_LITERAL_CONVERSION = YES;
				CLANG_WARN_OBJC_ROOT_CLASS = YES_ERROR;
				CLANG_WARN_QUOTED_INCLUDE_IN_FRAMEWORK_HEADER = YES;
				CLANG_WARN_RANGE_LOOP_ANALYSIS = YES;
				CLANG_WARN_STRICT_PROTOTYPES = YES;
				CLANG_WARN_SUSPICIOUS_MOVE = YES;
				CLANG_WARN_UNGUARDED_AVAILABILITY = YES_AGGRESSIVE;
				CLANG_WARN_UNREACHABLE_CODE = YES;
				CLANG_WARN__DUPLICATE_METHOD_MATCH = YES;
				COPY_PHASE_STRIP = NO;
				DEBUG_INFORMATION_FORMAT = "dwarf-with-dsym";
				ENABLE_NS_ASSERTIONS = NO;
				ENABLE_STRICT_OBJC_MSGSEND = YES;
				GCC_C_LANGUAGE_STANDARD = gnu11;
				GCC_NO_COMMON_BLOCKS = YES;
				GCC_WARN_64_TO_32_BIT_CONVERSION = YES;
				GCC_WARN_ABOUT_RETURN_TYPE = YES_ERROR;
				GCC_WARN_UNDECLARED_SELECTOR = YES;
				GCC_WARN_UNINITIALIZED_AUTOS = YES_AGGRESSIVE;
				GCC_WARN_UNUSED_FUNCTION = YES;
				GCC_WARN_UNUSED_VARIABLE = YES;
				IPHONEOS_DEPLOYMENT_TARGET = 14.2;
				MTL_ENABLE_DEBUG_INFO = NO;
				MTL_FAST_MATH = YES;
				SDKROOT = iphoneos;
				SWIFT_COMPILATION_MODE = wholemodule;
				SWIFT_OPTIMIZATION_LEVEL = "-O";
				VALIDATE_PRODUCT = YES;
			};
			name = Release;
		};
		2E9F0B43257EF1260034098C /* Debug */ = {
			isa = XCBuildConfiguration;
			baseConfigurationReference = 8515EF3D1AD9E1703ED4F8A9 /* Pods-THISAPPTEAM.debug.xcconfig */;
			buildSettings = {
				ASSETCATALOG_COMPILER_APPICON_NAME = AppIcon;
				ASSETCATALOG_COMPILER_GLOBAL_ACCENT_COLOR_NAME = AccentColor;
				CODE_SIGN_STYLE = Automatic;
				DEVELOPMENT_TEAM = 8846QUTNNX;
				INFOPLIST_FILE = THISAPPTEAM/Info.plist;
				LD_RUNPATH_SEARCH_PATHS = (
					"$(inherited)",
					"@executable_path/Frameworks",
				);
				PRODUCT_BUNDLE_IDENTIFIER = Murals.THISAPPTEAM;
				PRODUCT_NAME = "$(TARGET_NAME)";
				SWIFT_VERSION = 5.0;
				TARGETED_DEVICE_FAMILY = "1,2";
			};
			name = Debug;
		};
		2E9F0B44257EF1260034098C /* Release */ = {
			isa = XCBuildConfiguration;
			baseConfigurationReference = 97115B331D1EB2665D55BF32 /* Pods-THISAPPTEAM.release.xcconfig */;
			buildSettings = {
				ASSETCATALOG_COMPILER_APPICON_NAME = AppIcon;
				ASSETCATALOG_COMPILER_GLOBAL_ACCENT_COLOR_NAME = AccentColor;
				CODE_SIGN_STYLE = Automatic;
				DEVELOPMENT_TEAM = 8846QUTNNX;
				INFOPLIST_FILE = THISAPPTEAM/Info.plist;
				LD_RUNPATH_SEARCH_PATHS = (
					"$(inherited)",
					"@executable_path/Frameworks",
				);
				PRODUCT_BUNDLE_IDENTIFIER = Murals.THISAPPTEAM;
				PRODUCT_NAME = "$(TARGET_NAME)";
				SWIFT_VERSION = 5.0;
				TARGETED_DEVICE_FAMILY = "1,2";
			};
			name = Release;
		};
		2E9F0B46257EF1260034098C /* Debug */ = {
			isa = XCBuildConfiguration;
			baseConfigurationReference = C308231234B0B31DB652B647 /* Pods-THISAPPTEAMTests.debug.xcconfig */;
			buildSettings = {
				ALWAYS_EMBED_SWIFT_STANDARD_LIBRARIES = YES;
				BUNDLE_LOADER = "$(TEST_HOST)";
				CODE_SIGN_STYLE = Automatic;
				DEVELOPMENT_TEAM = 8846QUTNNX;
				INFOPLIST_FILE = THISAPPTEAMTests/Info.plist;
				IPHONEOS_DEPLOYMENT_TARGET = 14.2;
				LD_RUNPATH_SEARCH_PATHS = (
					"$(inherited)",
					"@executable_path/Frameworks",
					"@loader_path/Frameworks",
				);
				PRODUCT_BUNDLE_IDENTIFIER = Murals.THISAPPTEAMTests;
				PRODUCT_NAME = "$(TARGET_NAME)";
				SWIFT_VERSION = 5.0;
				TARGETED_DEVICE_FAMILY = "1,2";
				TEST_HOST = "$(BUILT_PRODUCTS_DIR)/THISAPPTEAM.app/THISAPPTEAM";
			};
			name = Debug;
		};
		2E9F0B47257EF1260034098C /* Release */ = {
			isa = XCBuildConfiguration;
			baseConfigurationReference = D07985E7925A22CF51AAF94F /* Pods-THISAPPTEAMTests.release.xcconfig */;
			buildSettings = {
				ALWAYS_EMBED_SWIFT_STANDARD_LIBRARIES = YES;
				BUNDLE_LOADER = "$(TEST_HOST)";
				CODE_SIGN_STYLE = Automatic;
				DEVELOPMENT_TEAM = 8846QUTNNX;
				INFOPLIST_FILE = THISAPPTEAMTests/Info.plist;
				IPHONEOS_DEPLOYMENT_TARGET = 14.2;
				LD_RUNPATH_SEARCH_PATHS = (
					"$(inherited)",
					"@executable_path/Frameworks",
					"@loader_path/Frameworks",
				);
				PRODUCT_BUNDLE_IDENTIFIER = Murals.THISAPPTEAMTests;
				PRODUCT_NAME = "$(TARGET_NAME)";
				SWIFT_VERSION = 5.0;
				TARGETED_DEVICE_FAMILY = "1,2";
				TEST_HOST = "$(BUILT_PRODUCTS_DIR)/THISAPPTEAM.app/THISAPPTEAM";
			};
			name = Release;
		};
		2E9F0B49257EF1260034098C /* Debug */ = {
			isa = XCBuildConfiguration;
			baseConfigurationReference = A9B5946D58603C8D44F1C66A /* Pods-THISAPPTEAM-THISAPPTEAMUITests.debug.xcconfig */;
			buildSettings = {
				ALWAYS_EMBED_SWIFT_STANDARD_LIBRARIES = YES;
				CODE_SIGN_STYLE = Automatic;
				DEVELOPMENT_TEAM = 8846QUTNNX;
				INFOPLIST_FILE = THISAPPTEAMUITests/Info.plist;
				LD_RUNPATH_SEARCH_PATHS = (
					"$(inherited)",
					"@executable_path/Frameworks",
					"@loader_path/Frameworks",
				);
				PRODUCT_BUNDLE_IDENTIFIER = Murals.THISAPPTEAMUITests;
				PRODUCT_NAME = "$(TARGET_NAME)";
				SWIFT_VERSION = 5.0;
				TARGETED_DEVICE_FAMILY = "1,2";
				TEST_TARGET_NAME = THISAPPTEAM;
			};
			name = Debug;
		};
		2E9F0B4A257EF1260034098C /* Release */ = {
			isa = XCBuildConfiguration;
			baseConfigurationReference = 7A82BC7E65701D96C7FD6A83 /* Pods-THISAPPTEAM-THISAPPTEAMUITests.release.xcconfig */;
			buildSettings = {
				ALWAYS_EMBED_SWIFT_STANDARD_LIBRARIES = YES;
				CODE_SIGN_STYLE = Automatic;
				DEVELOPMENT_TEAM = 8846QUTNNX;
				INFOPLIST_FILE = THISAPPTEAMUITests/Info.plist;
				LD_RUNPATH_SEARCH_PATHS = (
					"$(inherited)",
					"@executable_path/Frameworks",
					"@loader_path/Frameworks",
				);
				PRODUCT_BUNDLE_IDENTIFIER = Murals.THISAPPTEAMUITests;
				PRODUCT_NAME = "$(TARGET_NAME)";
				SWIFT_VERSION = 5.0;
				TARGETED_DEVICE_FAMILY = "1,2";
				TEST_TARGET_NAME = THISAPPTEAM;
			};
			name = Release;
		};
/* End XCBuildConfiguration section */

/* Begin XCConfigurationList section */
		2E9F0B13257EF1220034098C /* Build configuration list for PBXProject "THISAPPTEAM" */ = {
			isa = XCConfigurationList;
			buildConfigurations = (
				2E9F0B40257EF1260034098C /* Debug */,
				2E9F0B41257EF1260034098C /* Release */,
			);
			defaultConfigurationIsVisible = 0;
			defaultConfigurationName = Release;
		};
		2E9F0B42257EF1260034098C /* Build configuration list for PBXNativeTarget "THISAPPTEAM" */ = {
			isa = XCConfigurationList;
			buildConfigurations = (
				2E9F0B43257EF1260034098C /* Debug */,
				2E9F0B44257EF1260034098C /* Release */,
			);
			defaultConfigurationIsVisible = 0;
			defaultConfigurationName = Release;
		};
		2E9F0B45257EF1260034098C /* Build configuration list for PBXNativeTarget "THISAPPTEAMTests" */ = {
			isa = XCConfigurationList;
			buildConfigurations = (
				2E9F0B46257EF1260034098C /* Debug */,
				2E9F0B47257EF1260034098C /* Release */,
			);
			defaultConfigurationIsVisible = 0;
			defaultConfigurationName = Release;
		};
		2E9F0B48257EF1260034098C /* Build configuration list for PBXNativeTarget "THISAPPTEAMUITests" */ = {
			isa = XCConfigurationList;
			buildConfigurations = (
				2E9F0B49257EF1260034098C /* Debug */,
				2E9F0B4A257EF1260034098C /* Release */,
			);
			defaultConfigurationIsVisible = 0;
			defaultConfigurationName = Release;
		};
/* End XCConfigurationList section */
	};
	rootObject = 2E9F0B10257EF1220034098C /* Project object */;
}
